{
    "_readme": [
        "This file locks the dependencies of your project to a known state",
        "Read more about it at https://getcomposer.org/doc/01-basic-usage.md#composer-lock-the-lock-file",
        "This file is @generated automatically"
    ],
    "hash": "5c46c92f0e9a64339be10c4d5ad90c2f",
    "content-hash": "44106b1c75a1d77122339b4ede968c06",
    "packages": [
        {
            "name": "wpupdatephp/wp-update-php",
            "version": "1.1.1",
            "source": {
                "type": "git",
                "url": "https://github.com/WPupdatePHP/wp-update-php.git",
                "reference": "6c80444de04d8c688e3b42e164e40527b487a357"
            },
            "dist": {
                "type": "zip",
                "url": "https://api.github.com/repos/WPupdatePHP/wp-update-php/zipball/6c80444de04d8c688e3b42e164e40527b487a357",
                "reference": "6c80444de04d8c688e3b42e164e40527b487a357",
                "shasum": ""
            },
            "require-dev": {
                "phpspec/phpspec": "~2.0"
            },
            "type": "library",
            "autoload": {
                "classmap": [
                    "src"
                ]
            },
            "notification-url": "https://packagist.org/downloads/",
            "license": [
                "GPL-2.0+"
            ],
            "description": "Library to be bundled with WordPress plugins to enforce users to upgrade to PHP 5.4 hosting",
            "time": "2017-03-08 09:50:34"
        }
    ],
    "packages-dev": [],
    "aliases": [],
    "minimum-stability": "stable",
    "stability-flags": [],
    "prefer-stable": false,
    "prefer-lowest": false,
    "platform": [],
    "platform-dev": []
}
